
Microsoft Visual Studio Solution File, Format Version 12.00
# Visual Studio 2013
VisualStudioVersion = 12.0.31101.0
MinimumVisualStudioVersion = 10.0.40219.1
Project("{FAE04EC0-301F-11D3-BF4B-00C04F79EFBC}") = "TravelTogether", "TravelTogether\TravelTogether.csproj", "{3B47E27B-F0E6-41BE-8E15-B130964D29EA}"
EndProject
Project("{FAE04EC0-301F-11D3-BF4B-00C04F79EFBC}") = "TravelTogether.Tests", "TravelTogether.Tests\TravelTogether.Tests.csproj", "{2BA31741-4017-4554-BBF2-C230C6AAE3F2}"
EndProject
Global
	GlobalSection(SolutionConfigurationPlatforms) = preSolution
		Debug|Any CPU = Debug|Any CPU
		Release|Any CPU = Release|Any CPU
	EndGlobalSection
	GlobalSection(ProjectConfigurationPlatforms) = postSolution
		{3B47E27B-F0E6-41BE-8E15-B130964D29EA}.Debug|Any CPU.ActiveCfg = Debug|Any CPU
		{3B47E27B-F0E6-41BE-8E15-B130964D29EA}.Debug|Any CPU.Build.0 = Debug|Any CPU
		{3B47E27B-F0E6-41BE-8E15-B130964D29EA}.Release|Any CPU.ActiveCfg = Release|Any CPU
		{3B47E27B-F0E6-41BE-8E15-B130964D29EA}.Release|Any CPU.Build.0 = Release|Any CPU
		{2BA31741-4017-4554-BBF2-C230C6AAE3F2}.Debug|Any CPU.ActiveCfg = Debug|Any CPU
		{2BA31741-4017-4554-BBF2-C230C6AAE3F2}.Debug|Any CPU.Build.0 = Debug|Any CPU
		{2BA31741-4017-4554-BBF2-C230C6AAE3F2}.Release|Any CPU.ActiveCfg = Release|Any CPU
		{2BA31741-4017-4554-BBF2-C230C6AAE3F2}.Release|Any CPU.Build.0 = Release|Any CPU
	EndGlobalSection
	GlobalSection(SolutionProperties) = preSolution
		HideSolutionNode = FALSE
	EndGlobalSection
EndGlobal
